{
  "name": "math",
  "version": "1.0.0",
  "lockfileVersion": 3,
  "requires": true,
  "packages": {
    "": {
      "name": "math",
      "version": "1.0.0",
      "license": "ISC",
      "dependencies": {
        "exprforge": "^0.2.0"
      }
    },
    "node_modules/exprforge": {
      "version": "0.2.0",
      "resolved": "https://registry.npmjs.org/exprforge/-/exprforge-0.2.0.tgz",
      "integrity": "sha512-9kOBw6F/t0ER6+fSrwN67Iag1d6DaEabLaTwyv/9UwgCVy9B63bFn9bUEv/M6m/VOdK1pdrp25rSKvGsIkoxfA==",
      "license": "MIT",
      "engines": {
        "node": ">=18"
      }
    }
  }
}
