{
  "name": "math",
  "version": "1.0.0",
  "lockfileVersion": 3,
  "requires": true,
  "packages": {
    "": {
      "name": "math",
      "version": "1.0.0",
      "license": "ISC",
      "dependencies": {
        "exprforge": "file:../../../../../../../../../home/don/code/exprforge"
      }
    },
    "../../../../../../../../../home/don/code/exprforge": {
      "version": "0.1.0",
      "license": "MIT",
      "engines": {
        "node": ">=18"
      }
    },
    "node_modules/exprforge": {
      "resolved": "../../../../../../../../../home/don/code/exprforge",
      "link": true
    }
  }
}
