{
  "name": "math",
  "version": "1.0.0",
  "lockfileVersion": 3,
  "requires": true,
  "packages": {
    "": {
      "name": "math",
      "version": "1.0.0",
      "license": "ISC",
      "dependencies": {
        "exprforge": "^0.6.1"
      }
    },
    "node_modules/exprforge": {
      "version": "0.6.1",
      "resolved": "https://registry.npmjs.org/exprforge/-/exprforge-0.6.1.tgz",
      "integrity": "sha512-m0QX1HC+Dgo/gjfqsmMXxl8k1dHcL3RbtOY6lcugmjiccEyW4n2bvbJ9lXl6SdyU7AJM2cHAXkAogS5T5hsZMQ==",
      "license": "MIT",
      "engines": {
        "node": ">=18"
      }
    }
  }
}
